
Microsoft Visual Studio Solution File, Format Version 12.00
# Visual Studio Version 17
VisualStudioVersion = 17.3.32901.215
MinimumVisualStudioVersion = 10.0.40219.1
Project("{FAE04EC0-301F-11D3-BF4B-00C04F79EFBC}") = "OOP_project", "OOP_project\OOP_project.csproj", "{F4ADC0BB-3C4B-48E1-9758-DC9290D707F2}"
EndProject
Global
	GlobalSection(SolutionConfigurationPlatforms) = preSolution
		Debug|Any CPU = Debug|Any CPU
		Release|Any CPU = Release|Any CPU
	EndGlobalSection
	GlobalSection(ProjectConfigurationPlatforms) = postSolution
		{F4ADC0BB-3C4B-48E1-9758-DC9290D707F2}.Debug|Any CPU.ActiveCfg = Debug|Any CPU
		{F4ADC0BB-3C4B-48E1-9758-DC9290D707F2}.Debug|Any CPU.Build.0 = Debug|Any CPU
		{F4ADC0BB-3C4B-48E1-9758-DC9290D707F2}.Release|Any CPU.ActiveCfg = Release|Any CPU
		{F4ADC0BB-3C4B-48E1-9758-DC9290D707F2}.Release|Any CPU.Build.0 = Release|Any CPU
	EndGlobalSection
	GlobalSection(SolutionProperties) = preSolution
		HideSolutionNode = FALSE
	EndGlobalSection
	GlobalSection(ExtensibilityGlobals) = postSolution
		SolutionGuid = {4C04BB74-45EC-4572-ABB8-BDC4A9FAD4E7}
	EndGlobalSection
EndGlobal
